{
  "projects": [
    {
      "projectId": "gY2snNpZVMz843KPnxWK1X",
      "version": "latest",
      "dependencies": {},
      "lang": "js",
      "fileLocks": [
        {
          "type": "globalVariant",
          "assetId": "psmwmIUfnn6I",
          "checksum": "209e7d58f69542b6dbac645d8d82dc84"
        },
        {
          "assetId": "gY2snNpZVMz843KPnxWK1X",
          "type": "projectCss",
          "checksum": "6bf0030c3481ac830b2295ceff2e749a"
        },
        {
          "assetId": "gY2snNpZVMz843KPnxWK1X",
          "checksum": "fcdf6d424df9b30d423b289090eb91f9",
          "type": "projectModule"
        },
        {
          "assetId": "gY2snNpZVMz843KPnxWK1X",
          "checksum": "589b7a537ff459342d46f4a8bfee0806",
          "type": "styleTokensProvider"
        },
        {
          "type": "renderModule",
          "assetId": "GXofiqV8Ybth",
          "checksum": "eb227cf6f09ef7b03cea0d37bf4aaf75"
        },
        {
          "type": "cssRules",
          "assetId": "GXofiqV8Ybth",
          "checksum": "eb227cf6f09ef7b03cea0d37bf4aaf75"
        }
      ],
      "codegenVersion": "0.0.2"
    }
  ],
  "cliVersion": "0.1.348"
}
